// !$*UTF8*$!
{
	archiveVersion = 1;
	classes = {
	};
	objectVersion = 55;
	objects = {

/* Begin PBXBuildFile section */
		096679B62850C9D8003DF4DA /* MovieDetailViewController.swift in Sources */ = {isa = PBXBuildFile; fileRef = 096679B52850C9D8003DF4DA /* MovieDetailViewController.swift */; };
		096679BA2850DADC003DF4DA /* Movie.swift in Sources */ = {isa = PBXBuildFile; fileRef = 096679B92850DADC003DF4DA /* Movie.swift */; };
		096679BF2850F932003DF4DA /* MovieAPICaller.swift in Sources */ = {isa = PBXBuildFile; fileRef = 096679BE2850F932003DF4DA /* MovieAPICaller.swift */; };
		096679C128511E23003DF4DA /* MoviesResult.swift in Sources */ = {isa = PBXBuildFile; fileRef = 096679C028511E23003DF4DA /* MoviesResult.swift */; };
		096679C32851C82B003DF4DA /* MoviesViewController.swift in Sources */ = {isa = PBXBuildFile; fileRef = 096679C22851C82B003DF4DA /* MoviesViewController.swift */; };
		096679C72852063C003DF4DA /* ImageAPICaller.swift in Sources */ = {isa = PBXBuildFile; fileRef = 096679C62852063C003DF4DA /* ImageAPICaller.swift */; };
		096679CA285207BA003DF4DA /* Constants.swift in Sources */ = {isa = PBXBuildFile; fileRef = 096679C9285207BA003DF4DA /* Constants.swift */; };
		096679CE285209C2003DF4DA /* APIFetchError.swift in Sources */ = {isa = PBXBuildFile; fileRef = 096679CD285209C2003DF4DA /* APIFetchError.swift */; };
		096679D52852297C003DF4DA /* QueryFetcher.swift in Sources */ = {isa = PBXBuildFile; fileRef = 096679D42852297C003DF4DA /* QueryFetcher.swift */; };
		099CE5CE2850C41400D1C978 /* AppDelegate.swift in Sources */ = {isa = PBXBuildFile; fileRef = 099CE5CD2850C41400D1C978 /* AppDelegate.swift */; };
		099CE5D02850C41400D1C978 /* SceneDelegate.swift in Sources */ = {isa = PBXBuildFile; fileRef = 099CE5CF2850C41400D1C978 /* SceneDelegate.swift */; };
		099CE5D52850C41400D1C978 /* Main.storyboard in Resources */ = {isa = PBXBuildFile; fileRef = 099CE5D32850C41400D1C978 /* Main.storyboard */; };
		099CE5D72850C41500D1C978 /* Assets.xcassets in Resources */ = {isa = PBXBuildFile; fileRef = 099CE5D62850C41500D1C978 /* Assets.xcassets */; };
		099CE5DA2850C41500D1C978 /* LaunchScreen.storyboard in Resources */ = {isa = PBXBuildFile; fileRef = 099CE5D82850C41500D1C978 /* LaunchScreen.storyboard */; };
		09BB8B172853468700283844 /* MovieFetchTests.swift in Sources */ = {isa = PBXBuildFile; fileRef = 09BB8B162853468700283844 /* MovieFetchTests.swift */; };
		09BB8B1B2853DDBE00283844 /* MovieTableViewCell.swift in Sources */ = {isa = PBXBuildFile; fileRef = 09BB8B1A2853DDBE00283844 /* MovieTableViewCell.swift */; };
/* End PBXBuildFile section */

/* Begin PBXContainerItemProxy section */
		09BB8B112853461800283844 /* PBXContainerItemProxy */ = {
			isa = PBXContainerItemProxy;
			containerPortal = 099CE5C22850C41400D1C978 /* Project object */;
			proxyType = 1;
			remoteGlobalIDString = 099CE5C92850C41400D1C978;
			remoteInfo = TheMovieDB;
		};
/* End PBXContainerItemProxy section */

/* Begin PBXFileReference section */
		096679B52850C9D8003DF4DA /* MovieDetailViewController.swift */ = {isa = PBXFileReference; lastKnownFileType = sourcecode.swift; path = MovieDetailViewController.swift; sourceTree = "<group>"; };
		096679B92850DADC003DF4DA /* Movie.swift */ = {isa = PBXFileReference; lastKnownFileType = sourcecode.swift; path = Movie.swift; sourceTree = "<group>"; };
		096679BE2850F932003DF4DA /* MovieAPICaller.swift */ = {isa = PBXFileReference; lastKnownFileType = sourcecode.swift; path = MovieAPICaller.swift; sourceTree = "<group>"; };
		096679C028511E23003DF4DA /* MoviesResult.swift */ = {isa = PBXFileReference; lastKnownFileType = sourcecode.swift; path = MoviesResult.swift; sourceTree = "<group>"; };
		096679C22851C82B003DF4DA /* MoviesViewController.swift */ = {isa = PBXFileReference; lastKnownFileType = sourcecode.swift; path = MoviesViewController.swift; sourceTree = "<group>"; };
		096679C62852063C003DF4DA /* ImageAPICaller.swift */ = {isa = PBXFileReference; lastKnownFileType = sourcecode.swift; path = ImageAPICaller.swift; sourceTree = "<group>"; };
		096679C9285207BA003DF4DA /* Constants.swift */ = {isa = PBXFileReference; lastKnownFileType = sourcecode.swift; path = Constants.swift; sourceTree = "<group>"; };
		096679CD285209C2003DF4DA /* APIFetchError.swift */ = {isa = PBXFileReference; lastKnownFileType = sourcecode.swift; path = APIFetchError.swift; sourceTree = "<group>"; };
		096679D42852297C003DF4DA /* QueryFetcher.swift */ = {isa = PBXFileReference; lastKnownFileType = sourcecode.swift; path = QueryFetcher.swift; sourceTree = "<group>"; };
		099CE5CA2850C41400D1C978 /* TheMovieDB.app */ = {isa = PBXFileReference; explicitFileType = wrapper.application; includeInIndex = 0; path = TheMovieDB.app; sourceTree = BUILT_PRODUCTS_DIR; };
		099CE5CD2850C41400D1C978 /* AppDelegate.swift */ = {isa = PBXFileReference; lastKnownFileType = sourcecode.swift; path = AppDelegate.swift; sourceTree = "<group>"; };
		099CE5CF2850C41400D1C978 /* SceneDelegate.swift */ = {isa = PBXFileReference; lastKnownFileType = sourcecode.swift; path = SceneDelegate.swift; sourceTree = "<group>"; };
		099CE5D42850C41400D1C978 /* Base */ = {isa = PBXFileReference; lastKnownFileType = file.storyboard; name = Base; path = Base.lproj/Main.storyboard; sourceTree = "<group>"; };
		099CE5D62850C41500D1C978 /* Assets.xcassets */ = {isa = PBXFileReference; lastKnownFileType = folder.assetcatalog; path = Assets.xcassets; sourceTree = "<group>"; };
		099CE5D92850C41500D1C978 /* Base */ = {isa = PBXFileReference; lastKnownFileType = file.storyboard; name = Base; path = Base.lproj/LaunchScreen.storyboard; sourceTree = "<group>"; };
		099CE5DB2850C41500D1C978 /* Info.plist */ = {isa = PBXFileReference; lastKnownFileType = text.plist.xml; path = Info.plist; sourceTree = "<group>"; };
		09BB8B0D2853461800283844 /* TheMovieDBTests.xctest */ = {isa = PBXFileReference; explicitFileType = wrapper.cfbundle; includeInIndex = 0; path = TheMovieDBTests.xctest; sourceTree = BUILT_PRODUCTS_DIR; };
		09BB8B162853468700283844 /* MovieFetchTests.swift */ = {isa = PBXFileReference; lastKnownFileType = sourcecode.swift; path = MovieFetchTests.swift; sourceTree = "<group>"; };
		09BB8B1A2853DDBE00283844 /* MovieTableViewCell.swift */ = {isa = PBXFileReference; lastKnownFileType = sourcecode.swift; path = MovieTableViewCell.swift; sourceTree = "<group>"; };
/* End PBXFileReference section */

/* Begin PBXFrameworksBuildPhase section */
		099CE5C72850C41400D1C978 /* Frameworks */ = {
			isa = PBXFrameworksBuildPhase;
			buildActionMask = 2147483647;
			files = (
			);
			runOnlyForDeploymentPostprocessing = 0;
		};
		09BB8B0A2853461800283844 /* Frameworks */ = {
			isa = PBXFrameworksBuildPhase;
			buildActionMask = 2147483647;
			files = (
			);
			runOnlyForDeploymentPostprocessing = 0;
		};
/* End PBXFrameworksBuildPhase section */

/* Begin PBXGroup section */
		096679B72850DAC3003DF4DA /* Core */ = {
			isa = PBXGroup;
			children = (
				096679BB2850DED7003DF4DA /* Movie List */,
				096679BC2850DEDB003DF4DA /* Movie Detail */,
			);
			path = Core;
			sourceTree = "<group>";
		};
		096679B82850DAD3003DF4DA /* Model */ = {
			isa = PBXGroup;
			children = (
				096679CC285209B7003DF4DA /* Errors */,
				096679CB28520999003DF4DA /* Movies */,
			);
			path = Model;
			sourceTree = "<group>";
		};
		096679BB2850DED7003DF4DA /* Movie List */ = {
			isa = PBXGroup;
			children = (
				09BB8B1A2853DDBE00283844 /* MovieTableViewCell.swift */,
				096679C22851C82B003DF4DA /* MoviesViewController.swift */,
			);
			path = "Movie List";
			sourceTree = "<group>";
		};
		096679BC2850DEDB003DF4DA /* Movie Detail */ = {
			isa = PBXGroup;
			children = (
				096679B52850C9D8003DF4DA /* MovieDetailViewController.swift */,
			);
			path = "Movie Detail";
			sourceTree = "<group>";
		};
		096679BD2850F929003DF4DA /* Services */ = {
			isa = PBXGroup;
			children = (
				096679D42852297C003DF4DA /* QueryFetcher.swift */,
				096679D628522B44003DF4DA /* APICallers */,
			);
			path = Services;
			sourceTree = "<group>";
		};
		096679C8285207AF003DF4DA /* Supporting Files */ = {
			isa = PBXGroup;
			children = (
				096679C9285207BA003DF4DA /* Constants.swift */,
			);
			path = "Supporting Files";
			sourceTree = "<group>";
		};
		096679CB28520999003DF4DA /* Movies */ = {
			isa = PBXGroup;
			children = (
				096679B92850DADC003DF4DA /* Movie.swift */,
				096679C028511E23003DF4DA /* MoviesResult.swift */,
			);
			path = Movies;
			sourceTree = "<group>";
		};
		096679CC285209B7003DF4DA /* Errors */ = {
			isa = PBXGroup;
			children = (
				096679CD285209C2003DF4DA /* APIFetchError.swift */,
			);
			path = Errors;
			sourceTree = "<group>";
		};
		096679D628522B44003DF4DA /* APICallers */ = {
			isa = PBXGroup;
			children = (
				096679C62852063C003DF4DA /* ImageAPICaller.swift */,
				096679BE2850F932003DF4DA /* MovieAPICaller.swift */,
			);
			path = APICallers;
			sourceTree = "<group>";
		};
		099CE5C12850C41400D1C978 = {
			isa = PBXGroup;
			children = (
				099CE5CC2850C41400D1C978 /* TheMovieDB */,
				09BB8B0E2853461800283844 /* TheMovieDBTests */,
				099CE5CB2850C41400D1C978 /* Products */,
			);
			sourceTree = "<group>";
		};
		099CE5CB2850C41400D1C978 /* Products */ = {
			isa = PBXGroup;
			children = (
				099CE5CA2850C41400D1C978 /* TheMovieDB.app */,
				09BB8B0D2853461800283844 /* TheMovieDBTests.xctest */,
			);
			name = Products;
			sourceTree = "<group>";
		};
		099CE5CC2850C41400D1C978 /* TheMovieDB */ = {
			isa = PBXGroup;
			children = (
				099CE5CD2850C41400D1C978 /* AppDelegate.swift */,
				099CE5CF2850C41400D1C978 /* SceneDelegate.swift */,
				096679BD2850F929003DF4DA /* Services */,
				096679B82850DAD3003DF4DA /* Model */,
				096679B72850DAC3003DF4DA /* Core */,
				096679C8285207AF003DF4DA /* Supporting Files */,
				099CE5D32850C41400D1C978 /* Main.storyboard */,
				099CE5D62850C41500D1C978 /* Assets.xcassets */,
				099CE5D82850C41500D1C978 /* LaunchScreen.storyboard */,
				099CE5DB2850C41500D1C978 /* Info.plist */,
			);
			path = TheMovieDB;
			sourceTree = "<group>";
		};
		09BB8B0E2853461800283844 /* TheMovieDBTests */ = {
			isa = PBXGroup;
			children = (
				09BB8B162853468700283844 /* MovieFetchTests.swift */,
			);
			path = TheMovieDBTests;
			sourceTree = "<group>";
		};
/* End PBXGroup section */

/* Begin PBXNativeTarget section */
		099CE5C92850C41400D1C978 /* TheMovieDB */ = {
			isa = PBXNativeTarget;
			buildConfigurationList = 099CE5F42850C41500D1C978 /* Build configuration list for PBXNativeTarget "TheMovieDB" */;
			buildPhases = (
				099CE5C62850C41400D1C978 /* Sources */,
				099CE5C72850C41400D1C978 /* Frameworks */,
				099CE5C82850C41400D1C978 /* Resources */,
			);
			buildRules = (
			);
			dependencies = (
			);
			name = TheMovieDB;
			productName = TheMovieDB;
			productReference = 099CE5CA2850C41400D1C978 /* TheMovieDB.app */;
			productType = "com.apple.product-type.application";
		};
		09BB8B0C2853461800283844 /* TheMovieDBTests */ = {
			isa = PBXNativeTarget;
			buildConfigurationList = 09BB8B132853461800283844 /* Build configuration list for PBXNativeTarget "TheMovieDBTests" */;
			buildPhases = (
				09BB8B092853461800283844 /* Sources */,
				09BB8B0A2853461800283844 /* Frameworks */,
				09BB8B0B2853461800283844 /* Resources */,
			);
			buildRules = (
			);
			dependencies = (
				09BB8B122853461800283844 /* PBXTargetDependency */,
			);
			name = TheMovieDBTests;
			productName = TheMovieDBTests;
			productReference = 09BB8B0D2853461800283844 /* TheMovieDBTests.xctest */;
			productType = "com.apple.product-type.bundle.unit-test";
		};
/* End PBXNativeTarget section */

/* Begin PBXProject section */
		099CE5C22850C41400D1C978 /* Project object */ = {
			isa = PBXProject;
			attributes = {
				BuildIndependentTargetsInParallel = 1;
				LastSwiftUpdateCheck = 1340;
				LastUpgradeCheck = 1340;
				ORGANIZATIONNAME = "Francisco Javier Gallego Lahera";
				TargetAttributes = {
					099CE5C92850C41400D1C978 = {
						CreatedOnToolsVersion = 13.4.1;
					};
					09BB8B0C2853461800283844 = {
						CreatedOnToolsVersion = 13.4.1;
						TestTargetID = 099CE5C92850C41400D1C978;
					};
				};
			};
			buildConfigurationList = 099CE5C52850C41400D1C978 /* Build configuration list for PBXProject "TheMovieDB" */;
			compatibilityVersion = "Xcode 13.0";
			developmentRegion = en;
			hasScannedForEncodings = 0;
			knownRegions = (
				en,
				Base,
			);
			mainGroup = 099CE5C12850C41400D1C978;
			productRefGroup = 099CE5CB2850C41400D1C978 /* Products */;
			projectDirPath = "";
			projectRoot = "";
			targets = (
				099CE5C92850C41400D1C978 /* TheMovieDB */,
				09BB8B0C2853461800283844 /* TheMovieDBTests */,
			);
		};
/* End PBXProject section */

/* Begin PBXResourcesBuildPhase section */
		099CE5C82850C41400D1C978 /* Resources */ = {
			isa = PBXResourcesBuildPhase;
			buildActionMask = 2147483647;
			files = (
				099CE5DA2850C41500D1C978 /* LaunchScreen.storyboard in Resources */,
				099CE5D72850C41500D1C978 /* Assets.xcassets in Resources */,
				099CE5D52850C41400D1C978 /* Main.storyboard in Resources */,
			);
			runOnlyForDeploymentPostprocessing = 0;
		};
		09BB8B0B2853461800283844 /* Resources */ = {
			isa = PBXResourcesBuildPhase;
			buildActionMask = 2147483647;
			files = (
			);
			runOnlyForDeploymentPostprocessing = 0;
		};
/* End PBXResourcesBuildPhase section */

/* Begin PBXSourcesBuildPhase section */
		099CE5C62850C41400D1C978 /* Sources */ = {
			isa = PBXSourcesBuildPhase;
			buildActionMask = 2147483647;
			files = (
				096679BF2850F932003DF4DA /* MovieAPICaller.swift in Sources */,
				096679B62850C9D8003DF4DA /* MovieDetailViewController.swift in Sources */,
				09BB8B1B2853DDBE00283844 /* MovieTableViewCell.swift in Sources */,
				099CE5CE2850C41400D1C978 /* AppDelegate.swift in Sources */,
				099CE5D02850C41400D1C978 /* SceneDelegate.swift in Sources */,
				096679D52852297C003DF4DA /* QueryFetcher.swift in Sources */,
				096679BA2850DADC003DF4DA /* Movie.swift in Sources */,
				096679C128511E23003DF4DA /* MoviesResult.swift in Sources */,
				096679C32851C82B003DF4DA /* MoviesViewController.swift in Sources */,
				096679C72852063C003DF4DA /* ImageAPICaller.swift in Sources */,
				096679CE285209C2003DF4DA /* APIFetchError.swift in Sources */,
				096679CA285207BA003DF4DA /* Constants.swift in Sources */,
			);
			runOnlyForDeploymentPostprocessing = 0;
		};
		09BB8B092853461800283844 /* Sources */ = {
			isa = PBXSourcesBuildPhase;
			buildActionMask = 2147483647;
			files = (
				09BB8B172853468700283844 /* MovieFetchTests.swift in Sources */,
			);
			runOnlyForDeploymentPostprocessing = 0;
		};
/* End PBXSourcesBuildPhase section */

/* Begin PBXTargetDependency section */
		09BB8B122853461800283844 /* PBXTargetDependency */ = {
			isa = PBXTargetDependency;
			target = 099CE5C92850C41400D1C978 /* TheMovieDB */;
			targetProxy = 09BB8B112853461800283844 /* PBXContainerItemProxy */;
		};
/* End PBXTargetDependency section */

/* Begin PBXVariantGroup section */
		099CE5D32850C41400D1C978 /* Main.storyboard */ = {
			isa = PBXVariantGroup;
			children = (
				099CE5D42850C41400D1C978 /* Base */,
			);
			name = Main.storyboard;
			sourceTree = "<group>";
		};
		099CE5D82850C41500D1C978 /* LaunchScreen.storyboard */ = {
			isa = PBXVariantGroup;
			children = (
				099CE5D92850C41500D1C978 /* Base */,
			);
			name = LaunchScreen.storyboard;
			sourceTree = "<group>";
		};
/* End PBXVariantGroup section */

/* Begin XCBuildConfiguration section */
		099CE5F22850C41500D1C978 /* Debug */ = {
			isa = XCBuildConfiguration;
			buildSettings = {
				ALWAYS_SEARCH_USER_PATHS = NO;
				CLANG_ANALYZER_NONNULL = YES;
				CLANG_ANALYZER_NUMBER_OBJECT_CONVERSION = YES_AGGRESSIVE;
				CLANG_CXX_LANGUAGE_STANDARD = "gnu++17";
				CLANG_ENABLE_MODULES = YES;
				CLANG_ENABLE_OBJC_ARC = YES;
				CLANG_ENABLE_OBJC_WEAK = YES;
				CLANG_WARN_BLOCK_CAPTURE_AUTORELEASING = YES;
				CLANG_WARN_BOOL_CONVERSION = YES;
				CLANG_WARN_COMMA = YES;
				CLANG_WARN_CONSTANT_CONVERSION = YES;
				CLANG_WARN_DEPRECATED_OBJC_IMPLEMENTATIONS = YES;
				CLANG_WARN_DIRECT_OBJC_ISA_USAGE = YES_ERROR;
				CLANG_WARN_DOCUMENTATION_COMMENTS = YES;
				CLANG_WARN_EMPTY_BODY = YES;
				CLANG_WARN_ENUM_CONVERSION = YES;
				CLANG_WARN_INFINITE_RECURSION = YES;
				CLANG_WARN_INT_CONVERSION = YES;
				CLANG_WARN_NON_LITERAL_NULL_CONVERSION = YES;
				CLANG_WARN_OBJC_IMPLICIT_RETAIN_SELF = YES;
				CLANG_WARN_OBJC_LITERAL_CONVERSION = YES;
				CLANG_WARN_OBJC_ROOT_CLASS = YES_ERROR;
				CLANG_WARN_QUOTED_INCLUDE_IN_FRAMEWORK_HEADER = YES;
				CLANG_WARN_RANGE_LOOP_ANALYSIS = YES;
				CLANG_WARN_STRICT_PROTOTYPES = YES;
				CLANG_WARN_SUSPICIOUS_MOVE = YES;
				CLANG_WARN_UNGUARDED_AVAILABILITY = YES_AGGRESSIVE;
				CLANG_WARN_UNREACHABLE_CODE = YES;
				CLANG_WARN__DUPLICATE_METHOD_MATCH = YES;
				COPY_PHASE_STRIP = NO;
				DEBUG_INFORMATION_FORMAT = dwarf;
				ENABLE_STRICT_OBJC_MSGSEND = YES;
				ENABLE_TESTABILITY = YES;
				GCC_C_LANGUAGE_STANDARD = gnu11;
				GCC_DYNAMIC_NO_PIC = NO;
				GCC_NO_COMMON_BLOCKS = YES;
				GCC_OPTIMIZATION_LEVEL = 0;
				GCC_PREPROCESSOR_DEFINITIONS = (
					"DEBUG=1",
					"$(inherited)",
				);
				GCC_WARN_64_TO_32_BIT_CONVERSION = YES;
				GCC_WARN_ABOUT_RETURN_TYPE = YES_ERROR;
				GCC_WARN_UNDECLARED_SELECTOR = YES;
				GCC_WARN_UNINITIALIZED_AUTOS = YES_AGGRESSIVE;
				GCC_WARN_UNUSED_FUNCTION = YES;
				GCC_WARN_UNUSED_VARIABLE = YES;
				IPHONEOS_DEPLOYMENT_TARGET = 15.5;
				MTL_ENABLE_DEBUG_INFO = INCLUDE_SOURCE;
				MTL_FAST_MATH = YES;
				ONLY_ACTIVE_ARCH = YES;
				SDKROOT = iphoneos;
				SWIFT_ACTIVE_COMPILATION_CONDITIONS = DEBUG;
				SWIFT_OPTIMIZATION_LEVEL = "-Onone";
			};
			name = Debug;
		};
		099CE5F32850C41500D1C978 /* Release */ = {
			isa = XCBuildConfiguration;
			buildSettings = {
				ALWAYS_SEARCH_USER_PATHS = NO;
				CLANG_ANALYZER_NONNULL = YES;
				CLANG_ANALYZER_NUMBER_OBJECT_CONVERSION = YES_AGGRESSIVE;
				CLANG_CXX_LANGUAGE_STANDARD = "gnu++17";
				CLANG_ENABLE_MODULES = YES;
				CLANG_ENABLE_OBJC_ARC = YES;
				CLANG_ENABLE_OBJC_WEAK = YES;
				CLANG_WARN_BLOCK_CAPTURE_AUTORELEASING = YES;
				CLANG_WARN_BOOL_CONVERSION = YES;
				CLANG_WARN_COMMA = YES;
				CLANG_WARN_CONSTANT_CONVERSION = YES;
				CLANG_WARN_DEPRECATED_OBJC_IMPLEMENTATIONS = YES;
				CLANG_WARN_DIRECT_OBJC_ISA_USAGE = YES_ERROR;
				CLANG_WARN_DOCUMENTATION_COMMENTS = YES;
				CLANG_WARN_EMPTY_BODY = YES;
				CLANG_WARN_ENUM_CONVERSION = YES;
				CLANG_WARN_INFINITE_RECURSION = YES;
				CLANG_WARN_INT_CONVERSION = YES;
				CLANG_WARN_NON_LITERAL_NULL_CONVERSION = YES;
				CLANG_WARN_OBJC_IMPLICIT_RETAIN_SELF = YES;
				CLANG_WARN_OBJC_LITERAL_CONVERSION = YES;
				CLANG_WARN_OBJC_ROOT_CLASS = YES_ERROR;
				CLANG_WARN_QUOTED_INCLUDE_IN_FRAMEWORK_HEADER = YES;
				CLANG_WARN_RANGE_LOOP_ANALYSIS = YES;
				CLANG_WARN_STRICT_PROTOTYPES = YES;
				CLANG_WARN_SUSPICIOUS_MOVE = YES;
				CLANG_WARN_UNGUARDED_AVAILABILITY = YES_AGGRESSIVE;
				CLANG_WARN_UNREACHABLE_CODE = YES;
				CLANG_WARN__DUPLICATE_METHOD_MATCH = YES;
				COPY_PHASE_STRIP = NO;
				DEBUG_INFORMATION_FORMAT = "dwarf-with-dsym";
				ENABLE_NS_ASSERTIONS = NO;
				ENABLE_STRICT_OBJC_MSGSEND = YES;
				GCC_C_LANGUAGE_STANDARD = gnu11;
				GCC_NO_COMMON_BLOCKS = YES;
				GCC_WARN_64_TO_32_BIT_CONVERSION = YES;
				GCC_WARN_ABOUT_RETURN_TYPE = YES_ERROR;
				GCC_WARN_UNDECLARED_SELECTOR = YES;
				GCC_WARN_UNINITIALIZED_AUTOS = YES_AGGRESSIVE;
				GCC_WARN_UNUSED_FUNCTION = YES;
				GCC_WARN_UNUSED_VARIABLE = YES;
				IPHONEOS_DEPLOYMENT_TARGET = 15.5;
				MTL_ENABLE_DEBUG_INFO = NO;
				MTL_FAST_MATH = YES;
				SDKROOT = iphoneos;
				SWIFT_COMPILATION_MODE = wholemodule;
				SWIFT_OPTIMIZATION_LEVEL = "-O";
				VALIDATE_PRODUCT = YES;
			};
			name = Release;
		};
		099CE5F52850C41500D1C978 /* Debug */ = {
			isa = XCBuildConfiguration;
			buildSettings = {
				ASSETCATALOG_COMPILER_APPICON_NAME = AppIcon;
				ASSETCATALOG_COMPILER_GLOBAL_ACCENT_COLOR_NAME = AccentColor;
				CODE_SIGN_STYLE = Automatic;
				CURRENT_PROJECT_VERSION = 1;
				DEVELOPMENT_TEAM = MJWN87DYML;
				GENERATE_INFOPLIST_FILE = YES;
				INFOPLIST_FILE = TheMovieDB/Info.plist;
				INFOPLIST_KEY_UIApplicationSupportsIndirectInputEvents = YES;
				INFOPLIST_KEY_UILaunchStoryboardName = LaunchScreen;
				INFOPLIST_KEY_UIMainStoryboardFile = Main;
				INFOPLIST_KEY_UISupportedInterfaceOrientations_iPad = "UIInterfaceOrientationPortrait UIInterfaceOrientationPortraitUpsideDown UIInterfaceOrientationLandscapeLeft UIInterfaceOrientationLandscapeRight";
				INFOPLIST_KEY_UISupportedInterfaceOrientations_iPhone = "UIInterfaceOrientationPortrait UIInterfaceOrientationLandscapeLeft UIInterfaceOrientationLandscapeRight";
				IPHONEOS_DEPLOYMENT_TARGET = 15.0;
				LD_RUNPATH_SEARCH_PATHS = (
					"$(inherited)",
					"@executable_path/Frameworks",
				);
				MARKETING_VERSION = 1.0;
				PRODUCT_BUNDLE_IDENTIFIER = com.fjvgallego.TheMovieDB;
				PRODUCT_NAME = "$(TARGET_NAME)";
				SWIFT_EMIT_LOC_STRINGS = YES;
				SWIFT_VERSION = 5.0;
				TARGETED_DEVICE_FAMILY = "1,2";
			};
			name = Debug;
		};
		099CE5F62850C41500D1C978 /* Release */ = {
			isa = XCBuildConfiguration;
			buildSettings = {
				ASSETCATALOG_COMPILER_APPICON_NAME = AppIcon;
				ASSETCATALOG_COMPILER_GLOBAL_ACCENT_COLOR_NAME = AccentColor;
				CODE_SIGN_STYLE = Automatic;
				CURRENT_PROJECT_VERSION = 1;
				DEVELOPMENT_TEAM = MJWN87DYML;
				GENERATE_INFOPLIST_FILE = YES;
				INFOPLIST_FILE = TheMovieDB/Info.plist;
				INFOPLIST_KEY_UIApplicationSupportsIndirectInputEvents = YES;
				INFOPLIST_KEY_UILaunchStoryboardName = LaunchScreen;
				INFOPLIST_KEY_UIMainStoryboardFile = Main;
				INFOPLIST_KEY_UISupportedInterfaceOrientations_iPad = "UIInterfaceOrientationPortrait UIInterfaceOrientationPortraitUpsideDown UIInterfaceOrientationLandscapeLeft UIInterfaceOrientationLandscapeRight";
				INFOPLIST_KEY_UISupportedInterfaceOrientations_iPhone = "UIInterfaceOrientationPortrait UIInterfaceOrientationLandscapeLeft UIInterfaceOrientationLandscapeRight";
				IPHONEOS_DEPLOYMENT_TARGET = 15.0;
				LD_RUNPATH_SEARCH_PATHS = (
					"$(inherited)",
					"@executable_path/Frameworks",
				);
				MARKETING_VERSION = 1.0;
				PRODUCT_BUNDLE_IDENTIFIER = com.fjvgallego.TheMovieDB;
				PRODUCT_NAME = "$(TARGET_NAME)";
				SWIFT_EMIT_LOC_STRINGS = YES;
				SWIFT_VERSION = 5.0;
				TARGETED_DEVICE_FAMILY = "1,2";
			};
			name = Release;
		};
		09BB8B142853461800283844 /* Debug */ = {
			isa = XCBuildConfiguration;
			buildSettings = {
				BUNDLE_LOADER = "$(TEST_HOST)";
				CODE_SIGN_STYLE = Automatic;
				CURRENT_PROJECT_VERSION = 1;
				DEVELOPMENT_TEAM = MJWN87DYML;
				GENERATE_INFOPLIST_FILE = YES;
				MARKETING_VERSION = 1.0;
				PRODUCT_BUNDLE_IDENTIFIER = com.fjvgallego.TheMovieDBTests;
				PRODUCT_NAME = "$(TARGET_NAME)";
				SWIFT_EMIT_LOC_STRINGS = NO;
				SWIFT_VERSION = 5.0;
				TARGETED_DEVICE_FAMILY = "1,2";
				TEST_HOST = "$(BUILT_PRODUCTS_DIR)/TheMovieDB.app/TheMovieDB";
			};
			name = Debug;
		};
		09BB8B152853461800283844 /* Release */ = {
			isa = XCBuildConfiguration;
			buildSettings = {
				BUNDLE_LOADER = "$(TEST_HOST)";
				CODE_SIGN_STYLE = Automatic;
				CURRENT_PROJECT_VERSION = 1;
				DEVELOPMENT_TEAM = MJWN87DYML;
				GENERATE_INFOPLIST_FILE = YES;
				MARKETING_VERSION = 1.0;
				PRODUCT_BUNDLE_IDENTIFIER = com.fjvgallego.TheMovieDBTests;
				PRODUCT_NAME = "$(TARGET_NAME)";
				SWIFT_EMIT_LOC_STRINGS = NO;
				SWIFT_VERSION = 5.0;
				TARGETED_DEVICE_FAMILY = "1,2";
				TEST_HOST = "$(BUILT_PRODUCTS_DIR)/TheMovieDB.app/TheMovieDB";
			};
			name = Release;
		};
/* End XCBuildConfiguration section */

/* Begin XCConfigurationList section */
		099CE5C52850C41400D1C978 /* Build configuration list for PBXProject "TheMovieDB" */ = {
			isa = XCConfigurationList;
			buildConfigurations = (
				099CE5F22850C41500D1C978 /* Debug */,
				099CE5F32850C41500D1C978 /* Release */,
			);
			defaultConfigurationIsVisible = 0;
			defaultConfigurationName = Release;
		};
		099CE5F42850C41500D1C978 /* Build configuration list for PBXNativeTarget "TheMovieDB" */ = {
			isa = XCConfigurationList;
			buildConfigurations = (
				099CE5F52850C41500D1C978 /* Debug */,
				099CE5F62850C41500D1C978 /* Release */,
			);
			defaultConfigurationIsVisible = 0;
			defaultConfigurationName = Release;
		};
		09BB8B132853461800283844 /* Build configuration list for PBXNativeTarget "TheMovieDBTests" */ = {
			isa = XCConfigurationList;
			buildConfigurations = (
				09BB8B142853461800283844 /* Debug */,
				09BB8B152853461800283844 /* Release */,
			);
			defaultConfigurationIsVisible = 0;
			defaultConfigurationName = Release;
		};
/* End XCConfigurationList section */
	};
	rootObject = 099CE5C22850C41400D1C978 /* Project object */;
}
